<?xml version="1.0" encoding="utf-8"?>
<Project ToolsVersion="4.0" xmlns="http://schemas.microsoft.com/developer/msbuild/2003">
  <ItemGroup>
    <Filter Include="Library">
      <UniqueIdentifier>{d5173dcf-2786-4f98-bd55-d03549637dfe}</UniqueIdentifier>
    </Filter>
    <Filter Include="Src">
      <UniqueIdentifier>{80d0a5a9-6779-4863-bede-cc22a4986dc5}</UniqueIdentifier>
    </Filter>
    <Filter Include="Src\System">
      <UniqueIdentifier>{f5928314-3ee2-4e39-abfa-d93aa9ee5891}</UniqueIdentifier>
    </Filter>
    <Filter Include="Src\System\Direct3D">
      <UniqueIdentifier>{f193abd5-e51c-466e-a937-722bc9175e9a}</UniqueIdentifier>
    </Filter>
    <Filter Include="Src\System\Utility">
      <UniqueIdentifier>{f5d733b1-5031-4659-a9d4-0dd3add1e5fb}</UniqueIdentifier>
    </Filter>
    <Filter Include="Src\System\Window">
      <UniqueIdentifier>{cb022f2a-c5a2-449b-9b70-5110aff8550f}</UniqueIdentifier>
    </Filter>
    <Filter Include="Src\System\Shader">
      <UniqueIdentifier>{93543c0c-58fe-4a94-8279-7be3021b65b1}</UniqueIdentifier>
    </Filter>
    <Filter Include="Src\System\Shader\EffectShader">
      <UniqueIdentifier>{3ed945a9-befa-4db2-b780-7714e82626ed}</UniqueIdentifier>
    </Filter>
    <Filter Include="Src\System\Shader\SpriteShader">
      <UniqueIdentifier>{2da4d471-f4e8-4b2d-bdef-b93f91523b8b}</UniqueIdentifier>
    </Filter>
    <Filter Include="Src\System\Shader\StandardShader">
      <UniqueIdentifier>{0a93a6dd-bb60-46dc-820f-6aea10b3b02f}</UniqueIdentifier>
    </Filter>
    <Filter Include="Src\Application">
      <UniqueIdentifier>{d0d0f9cf-dabd-4346-bc9a-d9c04cf42372}</UniqueIdentifier>
    </Filter>
    <Filter Include="Src\Application\Game">
      <UniqueIdentifier>{06feebb1-9e40-4167-9759-a0beb777ac4a}</UniqueIdentifier>
    </Filter>
    <Filter Include="Src\System\Math">
      <UniqueIdentifier>{0795596a-c2d2-40ae-9836-1a8a659e4860}</UniqueIdentifier>
    </Filter>
    <Filter Include="Src\Application\Component">
      <UniqueIdentifier>{9a9b5643-a893-44ff-8d0e-0b65af145427}</UniqueIdentifier>
    </Filter>
    <Filter Include="Library\json11Custom">
      <UniqueIdentifier>{08f6e632-8337-4714-9771-5861fd39bb98}</UniqueIdentifier>
    </Filter>
    <Filter Include="Library\tinygltf">
      <UniqueIdentifier>{7a935b2f-4fbf-4041-bd0f-755fd4f015a8}</UniqueIdentifier>
    </Filter>
    <Filter Include="Library\imgui">
      <UniqueIdentifier>{7c3ca398-9fc1-44c2-94a0-fb481b93d003}</UniqueIdentifier>
    </Filter>
    <Filter Include="Src\Application\Game\ActionScene">
      <UniqueIdentifier>{fcb2dba3-e081-4680-a1b6-220716544790}</UniqueIdentifier>
    </Filter>
    <Filter Include="Src\Application\Game\ActionScene\Player">
      <UniqueIdentifier>{65aa0de3-3382-4952-b39a-98e5d35b47bb}</UniqueIdentifier>
    </Filter>
    <Filter Include="Src\Application\Game\ActionScene\Box">
      <UniqueIdentifier>{7426265f-b5b7-44c7-8a6c-95d63380397d}</UniqueIdentifier>
    </Filter>
    <Filter Include="Src\Application\Game\ActionScene\Button">
      <UniqueIdentifier>{5b62d8aa-f80b-4097-9349-b647ba18e2d6}</UniqueIdentifier>
    </Filter>
    <Filter Include="Src\Application\Game\ActionScene\Spring">
      <UniqueIdentifier>{03cd58af-0025-4868-99d9-516a319728dd}</UniqueIdentifier>
    </Filter>
    <Filter Include="Src\Application\Game\ActionScene\ActionProcess">
      <UniqueIdentifier>{3a5acd99-6a6c-48a5-8da4-8a8bef90fa1f}</UniqueIdentifier>
    </Filter>
    <Filter Include="Src\Application\Game\ActionScene\ActionUI">
      <UniqueIdentifier>{174e6341-6f05-456c-92fd-8b6e40c2b243}</UniqueIdentifier>
    </Filter>
    <Filter Include="Src\Application\Game\TitleScene">
      <UniqueIdentifier>{9daea6de-f249-46bf-bca6-846c788fbd84}</UniqueIdentifier>
    </Filter>
    <Filter Include="Src\Application\Game\TitleScene\TitleUI">
      <UniqueIdentifier>{37a2e6bc-1c58-4ff7-9b1b-e66073a38fdb}</UniqueIdentifier>
    </Filter>
    <Filter Include="Src\Application\Game\ActionScene\Door">
      <UniqueIdentifier>{a4a3d569-bfc2-460d-9cff-a9b183e24a7b}</UniqueIdentifier>
    </Filter>
    <Filter Include="Src\Application\Game\ActionScene\Door\ManualDoor">
      <UniqueIdentifier>{94519f00-62a9-422d-9bd8-fbbfe32528f9}</UniqueIdentifier>
    </Filter>
    <Filter Include="Src\Application\Game\ActionScene\Door\AutomaticDoor">
      <UniqueIdentifier>{5ec51fea-c18e-41e1-9893-f60f69a03acb}</UniqueIdentifier>
    </Filter>
    <Filter Include="Src\Application\Game\ActionScene\Goal">
      <UniqueIdentifier>{c5156309-643f-40e9-9f73-bc0da5f085a7}</UniqueIdentifier>
    </Filter>
    <Filter Include="Src\Application\Game\ActionScene\Target">
      <UniqueIdentifier>{10e6d1f7-b996-4293-aa1a-25390a669136}</UniqueIdentifier>
    </Filter>
    <Filter Include="Src\Application\Game\ActionScene\Ball">
      <UniqueIdentifier>{20045cb0-af38-49f6-919f-c234f3c85d06}</UniqueIdentifier>
    </Filter>
  </ItemGroup>
  <ItemGroup>
    <ClInclude Include="src\Pch.h">
      <Filter>Src</Filter>
    </ClInclude>
    <ClInclude Include="Src\Application\main.h">
      <Filter>Src\Application</Filter>
    </ClInclude>
    <ClInclude Include="src\System\System.h">
      <Filter>Src\System</Filter>
    </ClInclude>
    <ClInclude Include="src\System\Direct3D\Buffer.h">
      <Filter>Src\System\Direct3D</Filter>
    </ClInclude>
    <ClInclude Include="src\System\Direct3D\Direct3D.h">
      <Filter>Src\System\Direct3D</Filter>
    </ClInclude>
    <ClInclude Include="src\System\Direct3D\Texture.h">
      <Filter>Src\System\Direct3D</Filter>
    </ClInclude>
    <ClInclude Include="src\System\Utility\Utility.h">
      <Filter>Src\System\Utility</Filter>
    </ClInclude>
    <ClInclude Include="src\System\Window\Window.h">
      <Filter>Src\System\Window</Filter>
    </ClInclude>
    <ClInclude Include="Src\System\Direct3D\GLTFLoader.h">
      <Filter>Src\System\Direct3D</Filter>
    </ClInclude>
    <ClInclude Include="src\System\Direct3D\Mesh.h">
      <Filter>Src\System\Direct3D</Filter>
    </ClInclude>
    <ClInclude Include="Src\System\Shader\ShaderManager.h">
      <Filter>Src\System\Shader</Filter>
    </ClInclude>
    <ClInclude Include="Src\System\Shader\EffectShader\EffectShader.h">
      <Filter>Src\System\Shader\EffectShader</Filter>
    </ClInclude>
    <ClInclude Include="Src\System\Shader\SpriteShader\SpriteShader.h">
      <Filter>Src\System\Shader\SpriteShader</Filter>
    </ClInclude>
    <ClInclude Include="Src\System\Shader\StandardShader\StandardShader.h">
      <Filter>Src\System\Shader\StandardShader</Filter>
    </ClInclude>
    <ClInclude Include="Src\Application\Game\Scene.h">
      <Filter>Src\Application\Game</Filter>
    </ClInclude>
    <ClInclude Include="Src\Application\Game\GameObject.h">
      <Filter>Src\Application\Game</Filter>
    </ClInclude>
    <ClInclude Include="Src\System\Math\Math.h">
      <Filter>Src\System\Math</Filter>
    </ClInclude>
    <ClInclude Include="Src\System\Direct3D\Model.h">
      <Filter>Src\System\Direct3D</Filter>
    </ClInclude>
    <ClInclude Include="Src\System\Utility\ResourceFactory.h">
      <Filter>Src\System\Utility</Filter>
    </ClInclude>
    <ClInclude Include="Src\Application\Component\ModelComponent.h">
      <Filter>Src\Application\Component</Filter>
    </ClInclude>
    <ClInclude Include="Src\Application\Game\EditorCamera.h">
      <Filter>Src\Application\Game</Filter>
    </ClInclude>
    <ClInclude Include="..\Library\strconv.h">
      <Filter>Library</Filter>
    </ClInclude>
    <ClInclude Include="..\Library\json11Custom\json11.hpp">
      <Filter>Library\json11Custom</Filter>
    </ClInclude>
    <ClInclude Include="..\Library\tinygltf\json.hpp">
      <Filter>Library\tinygltf</Filter>
    </ClInclude>
    <ClInclude Include="..\Library\tinygltf\stb_image.h">
      <Filter>Library\tinygltf</Filter>
    </ClInclude>
    <ClInclude Include="..\Library\tinygltf\stb_image_write.h">
      <Filter>Library\tinygltf</Filter>
    </ClInclude>
    <ClInclude Include="..\Library\tinygltf\tiny_gltf.h">
      <Filter>Library\tinygltf</Filter>
    </ClInclude>
    <ClInclude Include="..\Library\imgui\imconfig.h">
      <Filter>Library\imgui</Filter>
    </ClInclude>
    <ClInclude Include="..\Library\imgui\imgui.h">
      <Filter>Library\imgui</Filter>
    </ClInclude>
    <ClInclude Include="..\Library\imgui\imgui_impl_dx11.h">
      <Filter>Library\imgui</Filter>
    </ClInclude>
    <ClInclude Include="..\Library\imgui\imgui_impl_win32.h">
      <Filter>Library\imgui</Filter>
    </ClInclude>
    <ClInclude Include="..\Library\imgui\imgui_internal.h">
      <Filter>Library\imgui</Filter>
    </ClInclude>
    <ClInclude Include="..\Library\imgui\imgui_stdlib.h">
      <Filter>Library\imgui</Filter>
    </ClInclude>
    <ClInclude Include="..\Library\imgui\imstb_rectpack.h">
      <Filter>Library\imgui</Filter>
    </ClInclude>
    <ClInclude Include="..\Library\imgui\imstb_textedit.h">
      <Filter>Library\imgui</Filter>
    </ClInclude>
    <ClInclude Include="..\Library\imgui\imstb_truetype.h">
      <Filter>Library\imgui</Filter>
    </ClInclude>
    <ClInclude Include="..\Library\imgui\ja_glyph_ranges.h">
      <Filter>Library\imgui</Filter>
    </ClInclude>
    <ClInclude Include="Src\System\Utility\ImGuiHelper.h">
      <Filter>Src\System\Utility</Filter>
    </ClInclude>
    <ClInclude Include="Src\System\Math\Collision.h">
      <Filter>Src\System\Math</Filter>
    </ClInclude>
    <ClInclude Include="Src\Application\Component\CameraComponent.h">
      <Filter>Src\Application\Component</Filter>
    </ClInclude>
    <ClInclude Include="Src\Application\Component\InputComponent.h">
      <Filter>Src\Application\Component</Filter>
    </ClInclude>
    <ClInclude Include="Src\System\Direct3D\SquarePolygon.h">
      <Filter>Src\System\Direct3D</Filter>
    </ClInclude>
    <ClInclude Include="Src\Application\Game\TextureEffect.h">
      <Filter>Src\Application\Game</Filter>
    </ClInclude>
    <ClInclude Include="Src\Application\Game\ActionScene\Player\Player.h">
      <Filter>Src\Application\Game\ActionScene\Player</Filter>
    </ClInclude>
    <ClInclude Include="Src\Application\Game\GameProcess.h">
      <Filter>Src\Application\Game</Filter>
    </ClInclude>
    <ClInclude Include="Src\Application\Game\TitleScene\TitleProcess.h">
      <Filter>Src\Application\Game\TitleScene</Filter>
    </ClInclude>
    <ClInclude Include="Src\System\Direct3D\TrailPolygon.h">
      <Filter>Src\System\Direct3D</Filter>
    </ClInclude>
    <ClInclude Include="Src\System\Math\Animation.h">
      <Filter>Src\System\Math</Filter>
    </ClInclude>
    <ClInclude Include="Src\Application\Game\ActionScene\OperateObject.h">
      <Filter>Src\Application\Game\ActionScene</Filter>
    </ClInclude>
    <ClInclude Include="Src\Application\Game\ActionScene\InputObject.h">
      <Filter>Src\Application\Game\ActionScene</Filter>
    </ClInclude>
    <ClInclude Include="Src\Application\Game\ActionScene\ActionProcess\ActionProcess.h">
      <Filter>Src\Application\Game\ActionScene\ActionProcess</Filter>
    </ClInclude>
    <ClInclude Include="Src\Application\Game\ActionScene\ActionUI\ActionUI.h">
      <Filter>Src\Application\Game\ActionScene\ActionUI</Filter>
    </ClInclude>
    <ClInclude Include="Src\Application\Game\ActionScene\Box\Box.h">
      <Filter>Src\Application\Game\ActionScene\Box</Filter>
    </ClInclude>
    <ClInclude Include="Src\Application\Game\ActionScene\Button\Button.h">
      <Filter>Src\Application\Game\ActionScene\Button</Filter>
    </ClInclude>
    <ClInclude Include="Src\Application\Game\ActionScene\Spring\Spring.h">
      <Filter>Src\Application\Game\ActionScene\Spring</Filter>
    </ClInclude>
    <ClInclude Include="Src\Application\Game\ActionScene\Door\ManualDoor\ManualDoor.h">
      <Filter>Src\Application\Game\ActionScene\Door\ManualDoor</Filter>
    </ClInclude>
    <ClInclude Include="Src\Application\Game\TitleScene\TitleUI\TitleUI.h">
      <Filter>Src\Application\Game\TitleScene\TitleUI</Filter>
    </ClInclude>
    <ClInclude Include="Src\Application\Game\ActionScene\Door\AutomaticDoor\AutomaticDoor.h">
      <Filter>Src\Application\Game\ActionScene\Door\AutomaticDoor</Filter>
    </ClInclude>
    <ClInclude Include="Src\Application\Game\ActionScene\Goal\Goal.h">
      <Filter>Src\Application\Game\ActionScene\Goal</Filter>
    </ClInclude>
    <ClInclude Include="Src\Application\Game\ActionScene\Target\Target.h">
      <Filter>Src\Application\Game\ActionScene\Target</Filter>
    </ClInclude>
    <ClInclude Include="Src\Application\Game\ActionScene\Ball\Ball.h">
      <Filter>Src\Application\Game\ActionScene\Ball</Filter>
    </ClInclude>
  </ItemGroup>
  <ItemGroup>
    <ClCompile Include="src\Pch.cpp">
      <Filter>Src</Filter>
    </ClCompile>
    <ClCompile Include="Src\Application\main.cpp">
      <Filter>Src\Application</Filter>
    </ClCompile>
    <ClCompile Include="src\System\Direct3D\Buffer.cpp">
      <Filter>Src\System\Direct3D</Filter>
    </ClCompile>
    <ClCompile Include="src\System\Direct3D\Direct3D.cpp">
      <Filter>Src\System\Direct3D</Filter>
    </ClCompile>
    <ClCompile Include="src\System\Direct3D\Texture.cpp">
      <Filter>Src\System\Direct3D</Filter>
    </ClCompile>
    <ClCompile Include="Src\System\Utility\Utility.cpp">
      <Filter>Src\System\Utility</Filter>
    </ClCompile>
    <ClCompile Include="src\System\Window\Window.cpp">
      <Filter>Src\System\Window</Filter>
    </ClCompile>
    <ClCompile Include="Src\System\Direct3D\GLTFLoader.cpp">
      <Filter>Src\System\Direct3D</Filter>
    </ClCompile>
    <ClCompile Include="src\System\Direct3D\Mesh.cpp">
      <Filter>Src\System\Direct3D</Filter>
    </ClCompile>
    <ClCompile Include="Src\System\Shader\ShaderManager.cpp">
      <Filter>Src\System\Shader</Filter>
    </ClCompile>
    <ClCompile Include="Src\System\Shader\EffectShader\EffectShader.cpp">
      <Filter>Src\System\Shader\EffectShader</Filter>
    </ClCompile>
    <ClCompile Include="Src\System\Shader\SpriteShader\SpriteShader.cpp">
      <Filter>Src\System\Shader\SpriteShader</Filter>
    </ClCompile>
    <ClCompile Include="Src\System\Shader\StandardShader\StandardShader.cpp">
      <Filter>Src\System\Shader\StandardShader</Filter>
    </ClCompile>
    <ClCompile Include="Src\Application\Game\Scene.cpp">
      <Filter>Src\Application\Game</Filter>
    </ClCompile>
    <ClCompile Include="Src\Application\Game\GameObject.cpp">
      <Filter>Src\Application\Game</Filter>
    </ClCompile>
    <ClCompile Include="Src\System\Direct3D\Model.cpp">
      <Filter>Src\System\Direct3D</Filter>
    </ClCompile>
    <ClCompile Include="Src\System\Utility\ResourceFactory.cpp">
      <Filter>Src\System\Utility</Filter>
    </ClCompile>
    <ClCompile Include="Src\Application\Component\ModelComponent.cpp">
      <Filter>Src\Application\Component</Filter>
    </ClCompile>
    <ClCompile Include="Src\Application\Game\EditorCamera.cpp">
      <Filter>Src\Application\Game</Filter>
    </ClCompile>
    <ClCompile Include="..\Library\json11Custom\json11.cpp">
      <Filter>Library\json11Custom</Filter>
    </ClCompile>
    <ClCompile Include="..\Library\imgui\imgui.cpp">
      <Filter>Library\imgui</Filter>
    </ClCompile>
    <ClCompile Include="..\Library\imgui\imgui_demo.cpp">
      <Filter>Library\imgui</Filter>
    </ClCompile>
    <ClCompile Include="..\Library\imgui\imgui_draw.cpp">
      <Filter>Library\imgui</Filter>
    </ClCompile>
    <ClCompile Include="..\Library\imgui\imgui_impl_dx11.cpp">
      <Filter>Library\imgui</Filter>
    </ClCompile>
    <ClCompile Include="..\Library\imgui\imgui_impl_win32.cpp">
      <Filter>Library\imgui</Filter>
    </ClCompile>
    <ClCompile Include="..\Library\imgui\imgui_stdlib.cpp">
      <Filter>Library\imgui</Filter>
    </ClCompile>
    <ClCompile Include="..\Library\imgui\imgui_widgets.cpp">
      <Filter>Library\imgui</Filter>
    </ClCompile>
    <ClCompile Include="Src\System\Math\Collision.cpp">
      <Filter>Src\System\Math</Filter>
    </ClCompile>
    <ClCompile Include="Src\Application\Component\CameraComponent.cpp">
      <Filter>Src\Application\Component</Filter>
    </ClCompile>
    <ClCompile Include="Src\Application\Component\InputComponent.cpp">
      <Filter>Src\Application\Component</Filter>
    </ClCompile>
    <ClCompile Include="Src\System\Direct3D\SquarePolygon.cpp">
      <Filter>Src\System\Direct3D</Filter>
    </ClCompile>
    <ClCompile Include="Src\Application\Game\TextureEffect.cpp">
      <Filter>Src\Application\Game</Filter>
    </ClCompile>
    <ClCompile Include="Src\Application\Game\ActionScene\Player\PlayerAction.cpp">
      <Filter>Src\Application\Game\ActionScene\Player</Filter>
    </ClCompile>
    <ClCompile Include="Src\Application\Game\ActionScene\Player\Player.cpp">
      <Filter>Src\Application\Game\ActionScene\Player</Filter>
    </ClCompile>
    <ClCompile Include="Src\Application\Game\ActionScene\Player\PlayerState.cpp">
      <Filter>Src\Application\Game\ActionScene\Player</Filter>
    </ClCompile>
    <ClCompile Include="Src\Application\Game\TitleScene\TitleProcess.cpp">
      <Filter>Src\Application\Game\TitleScene</Filter>
    </ClCompile>
    <ClCompile Include="Src\System\Direct3D\TrailPolygon.cpp">
      <Filter>Src\System\Direct3D</Filter>
    </ClCompile>
    <ClCompile Include="Src\Application\Game\ActionScene\Player\PlayerEffect.cpp">
      <Filter>Src\Application\Game\ActionScene\Player</Filter>
    </ClCompile>
    <ClCompile Include="Src\System\Math\Animation.cpp">
      <Filter>Src\System\Math</Filter>
    </ClCompile>
    <ClCompile Include="Src\Application\Game\ActionScene\ActionProcess\ActionProcess.cpp">
      <Filter>Src\Application\Game\ActionScene\ActionProcess</Filter>
    </ClCompile>
    <ClCompile Include="Src\Application\Game\ActionScene\ActionUI\ActionUI.cpp">
      <Filter>Src\Application\Game\ActionScene\ActionUI</Filter>
    </ClCompile>
    <ClCompile Include="Src\Application\Game\ActionScene\Box\Box.cpp">
      <Filter>Src\Application\Game\ActionScene\Box</Filter>
    </ClCompile>
    <ClCompile Include="Src\Application\Game\ActionScene\Button\Button.cpp">
      <Filter>Src\Application\Game\ActionScene\Button</Filter>
    </ClCompile>
    <ClCompile Include="Src\Application\Game\ActionScene\Spring\Spring.cpp">
      <Filter>Src\Application\Game\ActionScene\Spring</Filter>
    </ClCompile>
    <ClCompile Include="Src\Application\Game\ActionScene\Door\ManualDoor\ManualDoor.cpp">
      <Filter>Src\Application\Game\ActionScene\Door\ManualDoor</Filter>
    </ClCompile>
    <ClCompile Include="Src\Application\Game\TitleScene\TitleUI\TitleUI.cpp">
      <Filter>Src\Application\Game\TitleScene\TitleUI</Filter>
    </ClCompile>
    <ClCompile Include="Src\Application\Game\ActionScene\Door\AutomaticDoor\AutomaticDoor.cpp">
      <Filter>Src\Application\Game\ActionScene\Door\AutomaticDoor</Filter>
    </ClCompile>
    <ClCompile Include="Src\Application\Game\ActionScene\Goal\Goal.cpp">
      <Filter>Src\Application\Game\ActionScene\Goal</Filter>
    </ClCompile>
    <ClCompile Include="Src\Application\Game\ActionScene\Target\Target.cpp">
      <Filter>Src\Application\Game\ActionScene\Target</Filter>
    </ClCompile>
    <ClCompile Include="Src\Application\Game\ActionScene\Ball\Ball.cpp">
      <Filter>Src\Application\Game\ActionScene\Ball</Filter>
    </ClCompile>
  </ItemGroup>
  <ItemGroup>
    <None Include="Src\System\Shader\inc_Common.hlsli">
      <Filter>Src\System\Shader</Filter>
    </None>
    <None Include="Src\System\Shader\StandardShader\inc_StandardShader.hlsli">
      <Filter>Src\System\Shader\StandardShader</Filter>
    </None>
    <None Include="Src\System\Shader\SpriteShader\inc_SpriteShader.hlsli">
      <Filter>Src\System\Shader\SpriteShader</Filter>
    </None>
    <None Include="Src\System\Shader\EffectShader\inc_EffectShader.hlsli">
      <Filter>Src\System\Shader\EffectShader</Filter>
    </None>
  </ItemGroup>
  <ItemGroup>
    <FxCompile Include="Src\System\Shader\EffectShader\EffectShader_PS.hlsl">
      <Filter>Src\System\Shader\EffectShader</Filter>
    </FxCompile>
    <FxCompile Include="Src\System\Shader\EffectShader\EffectShader_VS.hlsl">
      <Filter>Src\System\Shader\EffectShader</Filter>
    </FxCompile>
    <FxCompile Include="Src\System\Shader\SpriteShader\SpriteShader_PS.hlsl">
      <Filter>Src\System\Shader\SpriteShader</Filter>
    </FxCompile>
    <FxCompile Include="Src\System\Shader\SpriteShader\SpriteShader_VS.hlsl">
      <Filter>Src\System\Shader\SpriteShader</Filter>
    </FxCompile>
    <FxCompile Include="Src\System\Shader\StandardShader\StandardShader_PS.hlsl">
      <Filter>Src\System\Shader\StandardShader</Filter>
    </FxCompile>
    <FxCompile Include="Src\System\Shader\StandardShader\StandardShader_VS.hlsl">
      <Filter>Src\System\Shader\StandardShader</Filter>
    </FxCompile>
  </ItemGroup>
</Project>